{
  "lockfile_version": "1",
  "packages": {
    "actionlint@1.7.12": {
      "last_modified": "2026-08-12T11:28:58Z",
      "resolved": "github:NixOS/nixpkgs/044bfe75bfe4c7bbe043dc17b5e42ea823b84a09#actionlint",
      "source": "devbox-search",
      "version": "1.7.12",
      "systems": {
        "aarch64-darwin": {
          "outputs": [
            {
              "name": "out",
              "path": "/nix/store/rdicdwdmf9h2cbw4nfsdmdxramh3zxwq-actionlint-1.7.12",
              "default": true
            }
          ],
          "store_path": "/nix/store/rdicdwdmf9h2cbw4nfsdmdxramh3zxwq-actionlint-1.7.12"
        },
        "aarch64-linux": {
          "outputs": [
            {
              "name": "out",
              "path": "/nix/store/3mfq6zgk24687nf7gaba54xa3jl4ywll-actionlint-1.7.12",
              "default": true
            }
          ],
          "store_path": "/nix/store/3mfq6zgk24687nf7gaba54xa3jl4ywll-actionlint-1.7.12"
        },
        "x86_64-darwin": {
          "outputs": [
            {
              "name": "out",
              "path": "/nix/store/w4rjv0ikr5r5x54w758c8ck2016nmzsx-actionlint-1.7.12",
              "default": true
            }
          ],
          "store_path": "/nix/store/w4rjv0ikr5r5x54w758c8ck2016nmzsx-actionlint-1.7.12"
        },
        "x86_64-linux": {
          "outputs": [
            {
              "name": "out",
              "path": "/nix/store/ypcd7ghn7nwgpzi9sm0fswk7rgwslyq6-actionlint-1.7.12",
              "default": true
            }
          ],
          "store_path": "/nix/store/ypcd7ghn7nwgpzi9sm0fswk7rgwslyq6-actionlint-1.7.12"
        }
      }
    },
    "bash@5.3p15": {
      "last_modified": "2026-08-17T10:51:46Z",
      "resolved": "github:NixOS/nixpkgs/f4b6996c4e8b9ee06ce147ec344c885f51071b14#bash",
      "source": "devbox-search",
      "version": "5.3p15",
      "systems": {
        "aarch64-darwin": {
          "outputs": [
            {
              "name": "out",
              "path": "/nix/store/gdbxd0zh7a4ag9b880wabjb87pzb5pgg-bash-interactive-5.3p15",
              "default": true
            },
            {
              "name": "man",
              "path": "/nix/store/0pc79xapqy7z3zapwvrxckfxn5150zcc-bash-interactive-5.3p15-man",
              "default": true
            },
            {
              "name": "dev",
              "path": "/nix/store/3h55f3wgnncfz4qa1lv8i1n2gvwp1v1s-bash-interactive-5.3p15-dev"
            },
            {
              "name": "doc",
              "path": "/nix/store/ils8bbx3zwh4f53g2m2p4l967hk74z7z-bash-interactive-5.3p15-doc"
            },
            {
              "name": "info",
              "path": "/nix/store/qfacv9nvc8n5k5zwjxk40bcbc3g7fnvw-bash-interactive-5.3p15-info"
            }
          ],
          "store_path": "/nix/store/gdbxd0zh7a4ag9b880wabjb87pzb5pgg-bash-interactive-5.3p15"
        },
        "aarch64-linux": {
          "outputs": [
            {
              "name": "out",
              "path": "/nix/store/a9kda025a17126f14c01xpwscmjqddwb-bash-interactive-5.3p15",
              "default": true
            },
            {
              "name": "man",
              "path": "/nix/store/gdbq6857ydnda2zi8fhdmzpbjh9d946l-bash-interactive-5.3p15-man",
              "default": true
            },
            {
              "name": "debug",
              "path": "/nix/store/0dl2x2hd1chhnl1jnzid2n2pigidvvw3-bash-interactive-5.3p15-debug"
            },
            {
              "name": "dev",
              "path": "/nix/store/jllm6fy12lsxnk9af20yjf83livhddzh-bash-interactive-5.3p15-dev"
            },
            {
              "name": "doc",
              "path": "/nix/store/p7kxvv6n35nkn2kf7m4gsyh18lpdc174-bash-interactive-5.3p15-doc"
            },
            {
              "name": "info",
              "path": "/nix/store/3n2nk4fr1c3lk7dqbvd802svdrhmg7fd-bash-interactive-5.3p15-info"
            }
          ],
          "store_path": "/nix/store/a9kda025a17126f14c01xpwscmjqddwb-bash-interactive-5.3p15"
        },
        "x86_64-linux": {
          "outputs": [
            {
              "name": "out",
              "path": "/nix/store/90nk33c4fkyg4x4dfk5cykqiryf2nlqq-bash-interactive-5.3p15",
              "default": true
            },
            {
              "name": "man",
              "path": "/nix/store/mrn1i6hs3jaxj5h0ab5bi0jdqaa004nn-bash-interactive-5.3p15-man",
              "default": true
            },
            {
              "name": "debug",
              "path": "/nix/store/hbibkk37xn6n1wgxjbn68hmx8zpch5i3-bash-interactive-5.3p15-debug"
            },
            {
              "name": "dev",
              "path": "/nix/store/ci8zzrskpy76f5xzqshyxpyk1hnalbb5-bash-interactive-5.3p15-dev"
            },
            {
              "name": "doc",
              "path": "/nix/store/z80bsm0y37ld87brg3zqkyhygmzh3z9v-bash-interactive-5.3p15-doc"
            },
            {
              "name": "info",
              "path": "/nix/store/592xg0js821r41jjz69dxh1jj42033zi-bash-interactive-5.3p15-info"
            }
          ],
          "store_path": "/nix/store/90nk33c4fkyg4x4dfk5cykqiryf2nlqq-bash-interactive-5.3p15"
        }
      }
    },
    "coreutils@9.11": {
      "last_modified": "2026-08-14T15:04:01Z",
      "resolved": "github:NixOS/nixpkgs/8be7bd0c83f12e2e3bbba07c9044d6fed9e66f7f#coreutils",
      "source": "devbox-search",
      "version": "9.11",
      "systems": {
        "aarch64-darwin": {
          "outputs": [
            {
              "name": "out",
              "path": "/nix/store/0y55d4qc8fmdhmn3c890m0zbaksprycj-coreutils-9.11",
              "default": true
            },
            {
              "name": "info",
              "path": "/nix/store/8pgwq4jvzrcgyz833sc2v1k8z19xbjfl-coreutils-9.11-info"
            }
          ],
          "store_path": "/nix/store/0y55d4qc8fmdhmn3c890m0zbaksprycj-coreutils-9.11"
        },
        "aarch64-linux": {
          "outputs": [
            {
              "name": "out",
              "path": "/nix/store/dqxknsb71lsgzfzcdmn6x7fzssqbdyyx-coreutils-9.11",
              "default": true
            },
            {
              "name": "info",
              "path": "/nix/store/kk4nsbj48pn6d33rvmxiw6w7r17bqdkn-coreutils-9.11-info"
            },
            {
              "name": "debug",
              "path": "/nix/store/9s0n8g4m0yy3fkglglir6vfm3g7lncvl-coreutils-9.11-debug"
            }
          ],
          "store_path": "/nix/store/dqxknsb71lsgzfzcdmn6x7fzssqbdyyx-coreutils-9.11"
        },
        "x86_64-darwin": {
          "outputs": [
            {
              "name": "out",
              "path": "/nix/store/rg42k0h3hj1mwldhywll29n7m0kcpxq2-coreutils-9.11",
              "default": true
            },
            {
              "name": "info",
              "path": "/nix/store/8jc9262zif5m5gh6h5n1kbs5yrv594xn-coreutils-9.11-info"
            }
          ],
          "store_path": "/nix/store/rg42k0h3hj1mwldhywll29n7m0kcpxq2-coreutils-9.11"
        },
        "x86_64-linux": {
          "outputs": [
            {
              "name": "out",
              "path": "/nix/store/97d5ygrvqj55f4nx1x34wfdcc7qn11c0-coreutils-9.11",
              "default": true
            },
            {
              "name": "debug",
              "path": "/nix/store/3wlr54z6chbpnlg1i09a95lkfkm234ks-coreutils-9.11-debug"
            },
            {
              "name": "info",
              "path": "/nix/store/4533yr2rnh0czwl1m4wjl1m912kmn9j8-coreutils-9.11-info"
            }
          ],
          "store_path": "/nix/store/97d5ygrvqj55f4nx1x34wfdcc7qn11c0-coreutils-9.11"
        }
      }
    },
    "curl@8.17.0": {
      "last_modified": "2025-12-05T15:03:55Z",
      "resolved": "github:NixOS/nixpkgs/a672be65651c80d3f592a89b3945466584a22069#curl",
      "source": "devbox-search",
      "version": "8.17.0",
      "systems": {
        "aarch64-darwin": {
          "outputs": [
            {
              "name": "bin",
              "path": "/nix/store/qfwqcndy8bji6xww0gizclf2nqi2qpph-curl-8.17.0-bin",
              "default": true
            },
            {
              "name": "man",
              "path": "/nix/store/rk815zvrhwzbi7c6d589v2mhxzyzb400-curl-8.17.0-man",
              "default": true
            },
            {
              "name": "dev",
              "path": "/nix/store/ydp55g2mbd6rk6lfw0krkk3jwgdiqj5d-curl-8.17.0-dev"
            },
            {
              "name": "devdoc",
              "path": "/nix/store/8s884m82fmrbiyz8malglqc4sd632dkc-curl-8.17.0-devdoc"
            },
            {
              "name": "out",
              "path": "/nix/store/yxv8fxaz0fyhc31dv3rz89kc50zw5hgj-curl-8.17.0"
            }
          ],
          "store_path": "/nix/store/qfwqcndy8bji6xww0gizclf2nqi2qpph-curl-8.17.0-bin"
        },
        "aarch64-linux": {
          "outputs": [
            {
              "name": "bin",
              "path": "/nix/store/4x19j6zihdl6pya63xs8g360f2r614sx-curl-8.17.0-bin",
              "default": true
            },
            {
              "name": "man",
              "path": "/nix/store/b29qbmbfvzkm34k0jnj8ykqg2gzj3rdy-curl-8.17.0-man",
              "default": true
            },
            {
              "name": "debug",
              "path": "/nix/store/5hmbdk99knmbg8b0fzh96bv6bkcf6v5i-curl-8.17.0-debug"
            },
            {
              "name": "dev",
              "path": "/nix/store/iqs9mjscns3h5npgkrhgr5xa7qzwd0si-curl-8.17.0-dev"
            },
            {
              "name": "devdoc",
              "path": "/nix/store/1fwncv08c8g78k3hj3cj375vx92ndrp8-curl-8.17.0-devdoc"
            },
            {
              "name": "out",
              "path": "/nix/store/b0a6qc92vybjiggh0kg387cg0zp3kl6j-curl-8.17.0"
            }
          ],
          "store_path": "/nix/store/4x19j6zihdl6pya63xs8g360f2r614sx-curl-8.17.0-bin"
        },
        "x86_64-darwin": {
          "outputs": [
            {
              "name": "bin",
              "path": "/nix/store/w2336wv560g1n58cwashmmczdn3bfkq1-curl-8.17.0-bin",
              "default": true
            },
            {
              "name": "man",
              "path": "/nix/store/i6xmhcan8g4abda7ivv20nvwxrsssjqj-curl-8.17.0-man",
              "default": true
            },
            {
              "name": "devdoc",
              "path": "/nix/store/ipa7v9z7pjcnnv0fmdya1fldcxv0a28z-curl-8.17.0-devdoc"
            },
            {
              "name": "out",
              "path": "/nix/store/x9gyg634fi8mgcyay9mqa1ral7xg72fm-curl-8.17.0"
            },
            {
              "name": "dev",
              "path": "/nix/store/39zfdgq9kg3mb4sycf8pj4pdssrzki6c-curl-8.17.0-dev"
            }
          ],
          "store_path": "/nix/store/w2336wv560g1n58cwashmmczdn3bfkq1-curl-8.17.0-bin"
        },
        "x86_64-linux": {
          "outputs": [
            {
              "name": "bin",
              "path": "/nix/store/0rfz69vp1nl0q2hxzig20hc60sk72z62-curl-8.17.0-bin",
              "default": true
            },
            {
              "name": "man",
              "path": "/nix/store/ijd0yybyzwm98d3q6x7a9cyixgxk0i5d-curl-8.17.0-man",
              "default": true
            },
            {
              "name": "debug",
              "path": "/nix/store/h1fxw0xrifxvbhcp7b8hxsgirxxxfzav-curl-8.17.0-debug"
            },
            {
              "name": "dev",
              "path": "/nix/store/ikmdk37frjdblkba3wl3xws2wwgln17x-curl-8.17.0-dev"
            },
            {
              "name": "devdoc",
              "path": "/nix/store/jm6irg81cc0hqg43l39lkxr6pb0w2xk5-curl-8.17.0-devdoc"
            },
            {
              "name": "out",
              "path": "/nix/store/8idis3j5l13c3x74jl8xly0k4qyk9mx6-curl-8.17.0"
            }
          ],
          "store_path": "/nix/store/0rfz69vp1nl0q2hxzig20hc60sk72z62-curl-8.17.0-bin"
        }
      }
    },
    "findutils@4.11.0": {
      "last_modified": "2026-08-12T11:28:58Z",
      "resolved": "github:NixOS/nixpkgs/044bfe75bfe4c7bbe043dc17b5e42ea823b84a09#findutils",
      "source": "devbox-search",
      "version": "4.11.0",
      "systems": {
        "aarch64-darwin": {
          "outputs": [
            {
              "name": "out",
              "path": "/nix/store/r94xy5is5x2j2lm8zdr0p9ya7w06v39y-findutils-4.11.0",
              "default": true
            },
            {
              "name": "info",
              "path": "/nix/store/iqwp4h7fn5yg7xssnd2asx1fxyixs1lx-findutils-4.11.0-info"
            },
            {
              "name": "locate",
              "path": "/nix/store/am8p0nh9lmbbqfj5fng82iyhcs85gjyx-findutils-4.11.0-locate"
            }
          ],
          "store_path": "/nix/store/r94xy5is5x2j2lm8zdr0p9ya7w06v39y-findutils-4.11.0"
        },
        "aarch64-linux": {
          "outputs": [
            {
              "name": "out",
              "path": "/nix/store/4fj1rs40wx8r4pbbzrjzmzxv4dg4aia5-findutils-4.11.0",
              "default": true
            },
            {
              "name": "info",
              "path": "/nix/store/mm0j6fv67aiyxjg12d123qidpq9fzr49-findutils-4.11.0-info"
            },
            {
              "name": "locate",
              "path": "/nix/store/6kbnmmhl78vr5phq6nbai32bwg6sjfby-findutils-4.11.0-locate"
            }
          ],
          "store_path": "/nix/store/4fj1rs40wx8r4pbbzrjzmzxv4dg4aia5-findutils-4.11.0"
        },
        "x86_64-linux": {
          "outputs": [
            {
              "name": "out",
              "path": "/nix/store/ibg16grw5is7i7ilnflc5xmj6fwksqkl-findutils-4.11.0",
              "default": true
            },
            {
              "name": "info",
              "path": "/nix/store/cxqs9j6bzj2165wcjpjdg434dbp4lj3h-findutils-4.11.0-info"
            },
            {
              "name": "locate",
              "path": "/nix/store/qwa1sxj0m5snbbbzv036s2kd19dp18q6-findutils-4.11.0-locate"
            }
          ],
          "store_path": "/nix/store/ibg16grw5is7i7ilnflc5xmj6fwksqkl-findutils-4.11.0"
        }
      }
    },
    "firebase-tools@15.27.0": {
      "last_modified": "2026-08-16T22:25:34Z",
      "resolved": "github:NixOS/nixpkgs/21e032ff95225fb81164a2b2b696c5f6841fcb62#firebase-tools",
      "source": "devbox-search",
      "version": "15.27.0",
      "systems": {
        "aarch64-darwin": {
          "outputs": [
            {
              "name": "out",
              "path": "/nix/store/s16469fd1w5a70xlp5vjbca0ci2rlmwp-firebase-tools-15.27.0",
              "default": true
            }
          ],
          "store_path": "/nix/store/s16469fd1w5a70xlp5vjbca0ci2rlmwp-firebase-tools-15.27.0"
        },
        "aarch64-linux": {
          "outputs": [
            {
              "name": "out",
              "path": "/nix/store/si9d94213dpkbf73982bsai357i3vmkk-firebase-tools-15.27.0",
              "default": true
            }
          ],
          "store_path": "/nix/store/si9d94213dpkbf73982bsai357i3vmkk-firebase-tools-15.27.0"
        },
        "x86_64-linux": {
          "outputs": [
            {
              "name": "out",
              "path": "/nix/store/xf8lj9bfvbnl92avsfm278gfgachigy1-firebase-tools-15.27.0",
              "default": true
            }
          ],
          "store_path": "/nix/store/xf8lj9bfvbnl92avsfm278gfgachigy1-firebase-tools-15.27.0"
        }
      }
    },
    "gawk@5.4.1": {
      "last_modified": "2026-08-12T11:28:58Z",
      "resolved": "github:NixOS/nixpkgs/044bfe75bfe4c7bbe043dc17b5e42ea823b84a09#gawk",
      "source": "devbox-search",
      "version": "5.4.1",
      "systems": {
        "aarch64-darwin": {
          "outputs": [
            {
              "name": "out",
              "path": "/nix/store/isv5w66jihg05qg30ff8480jbz3d3zlb-gawk-5.4.1",
              "default": true
            },
            {
              "name": "man",
              "path": "/nix/store/znpvcif3yh0a104gzz88lxxmgj382l50-gawk-5.4.1-man",
              "default": true
            },
            {
              "name": "info",
              "path": "/nix/store/vc7ip8wkf9828ry6yrlbi2vyy83wgc7s-gawk-5.4.1-info"
            }
          ],
          "store_path": "/nix/store/isv5w66jihg05qg30ff8480jbz3d3zlb-gawk-5.4.1"
        },
        "aarch64-linux": {
          "outputs": [
            {
              "name": "out",
              "path": "/nix/store/qz6qz18kddi2y25gk9h8ffg37lk8vwcf-gawk-5.4.1",
              "default": true
            },
            {
              "name": "man",
              "path": "/nix/store/y0l5kchfn3qcbj44kf09200mjgi14k35-gawk-5.4.1-man",
              "default": true
            },
            {
              "name": "info",
              "path": "/nix/store/sz4xpfjnpglp97qr7b3wahjhgc4r8wjk-gawk-5.4.1-info"
            }
          ],
          "store_path": "/nix/store/qz6qz18kddi2y25gk9h8ffg37lk8vwcf-gawk-5.4.1"
        },
        "x86_64-linux": {
          "outputs": [
            {
              "name": "out",
              "path": "/nix/store/ny5hzk3l36pldfsjkh56ia7y55xr23vd-gawk-5.4.1",
              "default": true
            },
            {
              "name": "man",
              "path": "/nix/store/nc41zz3zx8yqiql66hgq0235qj3hkdln-gawk-5.4.1-man",
              "default": true
            },
            {
              "name": "info",
              "path": "/nix/store/grg9yfn9pddn88hkq4lbbphdsdqrld83-gawk-5.4.1-info"
            }
          ],
          "store_path": "/nix/store/ny5hzk3l36pldfsjkh56ia7y55xr23vd-gawk-5.4.1"
        }
      }
    },
    "git@2.55.0": {
      "last_modified": "2026-08-12T11:28:58Z",
      "resolved": "github:NixOS/nixpkgs/044bfe75bfe4c7bbe043dc17b5e42ea823b84a09#git",
      "source": "devbox-search",
      "version": "2.55.0",
      "systems": {
        "aarch64-darwin": {
          "outputs": [
            {
              "name": "out",
              "path": "/nix/store/hiw6ii978dc8s153v60fzy6myzqxymm7-git-2.55.0",
              "default": true
            },
            {
              "name": "doc",
              "path": "/nix/store/181ykp1mvmh07rq1sqfss8n7s1sc3mlm-git-2.55.0-doc"
            }
          ],
          "store_path": "/nix/store/hiw6ii978dc8s153v60fzy6myzqxymm7-git-2.55.0"
        },
        "aarch64-linux": {
          "outputs": [
            {
              "name": "out",
              "path": "/nix/store/q3pvpkn0qmin7x572p3z32hxz9yny73i-git-2.55.0",
              "default": true
            },
            {
              "name": "debug",
              "path": "/nix/store/5rjalzcb929d9qrxp8v6xxz99vfhmxhn-git-2.55.0-debug"
            },
            {
              "name": "doc",
              "path": "/nix/store/jbfpbknl5qh0cm5zg48gxgb6fzhwvq04-git-2.55.0-doc"
            }
          ],
          "store_path": "/nix/store/q3pvpkn0qmin7x572p3z32hxz9yny73i-git-2.55.0"
        },
        "x86_64-linux": {
          "outputs": [
            {
              "name": "out",
              "path": "/nix/store/8wxs6573l730vxkqd6wp58kvxa19csll-git-2.55.0",
              "default": true
            },
            {
              "name": "debug",
              "path": "/nix/store/3zxdc75ib758dwba0afaj63d33w6z42w-git-2.55.0-debug"
            },
            {
              "name": "doc",
              "path": "/nix/store/h1dp7wlh1saz2d77ajpdpbms1fn56ih8-git-2.55.0-doc"
            }
          ],
          "store_path": "/nix/store/8wxs6573l730vxkqd6wp58kvxa19csll-git-2.55.0"
        }
      }
    },
    "github:NixOS/nixpkgs/nixpkgs-unstable": {
      "last_modified": "2026-08-20T07:12:19Z",
      "resolved": "github:NixOS/nixpkgs/391b592eb44808b3bd0cb80bb71b63a5a118b8bb?lastModified=1787209939&narHash=sha256-WvvHR4kSQLAbtouMC%2FruZ5UpLwlUcY3K4FAllMN%2ByGk%3D"
    },
    "gitleaks@8.30.1": {
      "last_modified": "2026-08-12T11:28:58Z",
      "resolved": "github:NixOS/nixpkgs/044bfe75bfe4c7bbe043dc17b5e42ea823b84a09#gitleaks",
      "source": "devbox-search",
      "version": "8.30.1",
      "systems": {
        "aarch64-darwin": {
          "outputs": [
            {
              "name": "out",
              "path": "/nix/store/0zilxn1s7vskm1b8jxbyic99aql7zzaq-gitleaks-8.30.1",
              "default": true
            }
          ],
          "store_path": "/nix/store/0zilxn1s7vskm1b8jxbyic99aql7zzaq-gitleaks-8.30.1"
        },
        "aarch64-linux": {
          "outputs": [
            {
              "name": "out",
              "path": "/nix/store/7fbpgnngix9bnqgflzfybz2i8nrr8cmj-gitleaks-8.30.1",
              "default": true
            }
          ],
          "store_path": "/nix/store/7fbpgnngix9bnqgflzfybz2i8nrr8cmj-gitleaks-8.30.1"
        },
        "x86_64-darwin": {
          "outputs": [
            {
              "name": "out",
              "path": "/nix/store/v5x4dkl13y4nxhcaq4xmrwkidy44gv9p-gitleaks-8.30.1",
              "default": true
            }
          ],
          "store_path": "/nix/store/v5x4dkl13y4nxhcaq4xmrwkidy44gv9p-gitleaks-8.30.1"
        },
        "x86_64-linux": {
          "outputs": [
            {
              "name": "out",
              "path": "/nix/store/dmi3zxbmff31nb0j6y24wi2055k7ahsw-gitleaks-8.30.1",
              "default": true
            }
          ],
          "store_path": "/nix/store/dmi3zxbmff31nb0j6y24wi2055k7ahsw-gitleaks-8.30.1"
        }
      }
    },
    "gnugrep@3.12": {
      "last_modified": "2026-08-12T11:28:58Z",
      "resolved": "github:NixOS/nixpkgs/044bfe75bfe4c7bbe043dc17b5e42ea823b84a09#gnugrep",
      "source": "devbox-search",
      "version": "3.12",
      "systems": {
        "aarch64-darwin": {
          "outputs": [
            {
              "name": "out",
              "path": "/nix/store/xxh531z8m7qwy06jw7iqcvscxwcba7s5-gnugrep-3.12",
              "default": true
            },
            {
              "name": "info",
              "path": "/nix/store/hpjvh1nb03lp17aagaczg6frp7vgp55n-gnugrep-3.12-info"
            }
          ],
          "store_path": "/nix/store/xxh531z8m7qwy06jw7iqcvscxwcba7s5-gnugrep-3.12"
        },
        "aarch64-linux": {
          "outputs": [
            {
              "name": "out",
              "path": "/nix/store/07gribxm3sky3lw2g64n59l974q7q1bf-gnugrep-3.12",
              "default": true
            },
            {
              "name": "info",
              "path": "/nix/store/n6s0sbi2nfvjz16bh9l9f3l6r1fh36xl-gnugrep-3.12-info"
            }
          ],
          "store_path": "/nix/store/07gribxm3sky3lw2g64n59l974q7q1bf-gnugrep-3.12"
        },
        "x86_64-darwin": {
          "outputs": [
            {
              "name": "out",
              "path": "/nix/store/c7yhik3dfpz5csbfc2v8lg0lgnfhz7wy-gnugrep-3.12",
              "default": true
            },
            {
              "name": "info",
              "path": "/nix/store/pyd0kfynkm5h94ms170a5fvaf4yy57gz-gnugrep-3.12-info"
            }
          ],
          "store_path": "/nix/store/c7yhik3dfpz5csbfc2v8lg0lgnfhz7wy-gnugrep-3.12"
        },
        "x86_64-linux": {
          "outputs": [
            {
              "name": "out",
              "path": "/nix/store/4dgym2zhac9vy0vrih4gsplh0wpfl13m-gnugrep-3.12",
              "default": true
            },
            {
              "name": "info",
              "path": "/nix/store/p26xpn472dc8hk64h19ym03wcyzfh158-gnugrep-3.12-info"
            }
          ],
          "store_path": "/nix/store/4dgym2zhac9vy0vrih4gsplh0wpfl13m-gnugrep-3.12"
        }
      }
    },
    "gnumake@4.4.1": {
      "last_modified": "2026-08-17T10:51:46Z",
      "resolved": "github:NixOS/nixpkgs/f4b6996c4e8b9ee06ce147ec344c885f51071b14#gnumake",
      "source": "devbox-search",
      "version": "4.4.1",
      "systems": {
        "aarch64-darwin": {
          "outputs": [
            {
              "name": "out",
              "path": "/nix/store/531m4zdgqpmqnfqi19y3lj4rnkr98yy0-gnumake-4.4.1",
              "default": true
            },
            {
              "name": "man",
              "path": "/nix/store/r6wz2258c6piw14z0r5krg3b93n6378p-gnumake-4.4.1-man",
              "default": true
            },
            {
              "name": "doc",
              "path": "/nix/store/d4qx2dc81bhp654kpk26j48mrmyzfnzm-gnumake-4.4.1-doc"
            },
            {
              "name": "info",
              "path": "/nix/store/s50dnjd81395y7lvsl4zdxm5q4q4mkb1-gnumake-4.4.1-info"
            }
          ],
          "store_path": "/nix/store/531m4zdgqpmqnfqi19y3lj4rnkr98yy0-gnumake-4.4.1"
        },
        "aarch64-linux": {
          "outputs": [
            {
              "name": "out",
              "path": "/nix/store/1dzsx5xcm25931cbdzs8cbjlzpc85mbp-gnumake-4.4.1",
              "default": true
            },
            {
              "name": "man",
              "path": "/nix/store/28x5qj84g0ybg3hq21shg7grc51c1a7b-gnumake-4.4.1-man",
              "default": true
            },
            {
              "name": "info",
              "path": "/nix/store/f0ybqwyla1ngadcl8mvpgjyaaxk5baky-gnumake-4.4.1-info"
            },
            {
              "name": "debug",
              "path": "/nix/store/jj9z626h6gs0yz415yfka1gjyhancq0z-gnumake-4.4.1-debug"
            },
            {
              "name": "doc",
              "path": "/nix/store/c7kfpr73r9acz3apnb2lacbs28i7cjli-gnumake-4.4.1-doc"
            }
          ],
          "store_path": "/nix/store/1dzsx5xcm25931cbdzs8cbjlzpc85mbp-gnumake-4.4.1"
        },
        "x86_64-darwin": {
          "outputs": [
            {
              "name": "out",
              "path": "/nix/store/0bg5b97b9hbhz8907bfcrch1i116xppa-gnumake-4.4.1",
              "default": true
            },
            {
              "name": "man",
              "path": "/nix/store/wb4yn3d7vmi1hr4f8pz38rjvcl7f70ma-gnumake-4.4.1-man",
              "default": true
            },
            {
              "name": "doc",
              "path": "/nix/store/3b9cjf16jx4ncpp3b4k6m8q01nxsrw1n-gnumake-4.4.1-doc"
            },
            {
              "name": "info",
              "path": "/nix/store/rriz5p4q8a6sca7sw3p3js1m5dl09ia8-gnumake-4.4.1-info"
            }
          ],
          "store_path": "/nix/store/0bg5b97b9hbhz8907bfcrch1i116xppa-gnumake-4.4.1"
        },
        "x86_64-linux": {
          "outputs": [
            {
              "name": "out",
              "path": "/nix/store/zg22421nym5dxikl92978lqj6xf4jkax-gnumake-4.4.1",
              "default": true
            },
            {
              "name": "man",
              "path": "/nix/store/j3mkxawmvh2c8swqy0x5bvzh8jpjvbs7-gnumake-4.4.1-man",
              "default": true
            },
            {
              "name": "info",
              "path": "/nix/store/an4gd4m49w4mcby5i003xkxc4fqvbnsw-gnumake-4.4.1-info"
            },
            {
              "name": "debug",
              "path": "/nix/store/qjh1wf4n55a7sqfn6bx1faf4h8347s43-gnumake-4.4.1-debug"
            },
            {
              "name": "doc",
              "path": "/nix/store/g33wdgbyibi3ahd3gfx4js43xp2mq8z3-gnumake-4.4.1-doc"
            }
          ],
          "store_path": "/nix/store/zg22421nym5dxikl92978lqj6xf4jkax-gnumake-4.4.1"
        }
      }
    },
    "gnused@4.10": {
      "last_modified": "2026-08-12T11:28:58Z",
      "resolved": "github:NixOS/nixpkgs/044bfe75bfe4c7bbe043dc17b5e42ea823b84a09#gnused",
      "source": "devbox-search",
      "version": "4.10",
      "systems": {
        "aarch64-darwin": {
          "outputs": [
            {
              "name": "out",
              "path": "/nix/store/s58zylg8c2lj2vckyxic42f86fvcwmzv-gnused-4.10",
              "default": true
            },
            {
              "name": "info",
              "path": "/nix/store/aafrzj3q82dpybjb03bpy00s4fcxnn7m-gnused-4.10-info"
            }
          ],
          "store_path": "/nix/store/s58zylg8c2lj2vckyxic42f86fvcwmzv-gnused-4.10"
        },
        "aarch64-linux": {
          "outputs": [
            {
              "name": "out",
              "path": "/nix/store/p6k41cfwvr8plgvcnnlb55wb0cy49qyx-gnused-4.10",
              "default": true
            },
            {
              "name": "info",
              "path": "/nix/store/x6v3k07kwmm5ipywlrvcmflhs6qp7h39-gnused-4.10-info"
            }
          ],
          "store_path": "/nix/store/p6k41cfwvr8plgvcnnlb55wb0cy49qyx-gnused-4.10"
        },
        "x86_64-linux": {
          "outputs": [
            {
              "name": "out",
              "path": "/nix/store/rxd8p6g4k4s0sx4q1szmzvp9rsmhmfys-gnused-4.10",
              "default": true
            },
            {
              "name": "info",
              "path": "/nix/store/qay8j91gcj8a7kvavq99r3fx4wymnhp9-gnused-4.10-info"
            }
          ],
          "store_path": "/nix/store/rxd8p6g4k4s0sx4q1szmzvp9rsmhmfys-gnused-4.10"
        }
      }
    },
    "go@1.25.0": {
      "last_modified": "2025-09-18T16:33:27Z",
      "resolved": "github:NixOS/nixpkgs/f4b140d5b253f5e2a1ff4e5506edbf8267724bde#go",
      "source": "devbox-search",
      "version": "1.25.0",
      "systems": {
        "aarch64-darwin": {
          "outputs": [
            {
              "name": "out",
              "path": "/nix/store/cr196bvbbai01r0w11p1inkzkdrqdx6y-go-1.25.0",
              "default": true
            }
          ],
          "store_path": "/nix/store/cr196bvbbai01r0w11p1inkzkdrqdx6y-go-1.25.0"
        },
        "aarch64-linux": {
          "outputs": [
            {
              "name": "out",
              "path": "/nix/store/yhcdwwikp86p2cpq0qr7di91ji63460s-go-1.25.0",
              "default": true
            }
          ],
          "store_path": "/nix/store/yhcdwwikp86p2cpq0qr7di91ji63460s-go-1.25.0"
        },
        "x86_64-darwin": {
          "outputs": [
            {
              "name": "out",
              "path": "/nix/store/hz7dfw13v8iff4vf6vbnqnlnd7wh7j5x-go-1.25.0",
              "default": true
            }
          ],
          "store_path": "/nix/store/hz7dfw13v8iff4vf6vbnqnlnd7wh7j5x-go-1.25.0"
        },
        "x86_64-linux": {
          "outputs": [
            {
              "name": "out",
              "path": "/nix/store/3fd683jfggglpshxprz9mi5sz8wd3c9p-go-1.25.0",
              "default": true
            }
          ],
          "store_path": "/nix/store/3fd683jfggglpshxprz9mi5sz8wd3c9p-go-1.25.0"
        }
      }
    },
    "javaPackages.compiler.openjdk21@21.0.12+8": {
      "last_modified": "2026-08-12T11:28:58Z",
      "resolved": "github:NixOS/nixpkgs/044bfe75bfe4c7bbe043dc17b5e42ea823b84a09#javaPackages.compiler.openjdk21",
      "source": "devbox-search",
      "version": "21.0.12+8",
      "systems": {
        "aarch64-linux": {
          "outputs": [
            {
              "name": "out",
              "path": "/nix/store/zq0g2yawic3l26h07gb5fflcncrjg4qa-openjdk-21.0.12+8",
              "default": true
            },
            {
              "name": "debug",
              "path": "/nix/store/znprv6yqhr4zsfwj0k2k71l677vvzy44-openjdk-21.0.12+8-debug"
            }
          ],
          "store_path": "/nix/store/zq0g2yawic3l26h07gb5fflcncrjg4qa-openjdk-21.0.12+8"
        },
        "x86_64-linux": {
          "outputs": [
            {
              "name": "out",
              "path": "/nix/store/1slz0vmmgsd7p6i4c0jaywkpw56wl2yg-openjdk-21.0.12+8",
              "default": true
            },
            {
              "name": "debug",
              "path": "/nix/store/63y613m17jnbp7i5gsqfirixr43l57cb-openjdk-21.0.12+8-debug"
            }
          ],
          "store_path": "/nix/store/1slz0vmmgsd7p6i4c0jaywkpw56wl2yg-openjdk-21.0.12+8"
        }
      }
    },
    "jq@1.8.2": {
      "last_modified": "2026-08-17T10:51:46Z",
      "resolved": "github:NixOS/nixpkgs/f4b6996c4e8b9ee06ce147ec344c885f51071b14#jq",
      "source": "devbox-search",
      "version": "1.8.2",
      "systems": {
        "aarch64-darwin": {
          "outputs": [
            {
              "name": "bin",
              "path": "/nix/store/0rh3h4zp6zfpyrprc5nhv8fr6fimif20-jq-1.8.2-bin",
              "default": true
            },
            {
              "name": "man",
              "path": "/nix/store/mvjwlxlr8jjy0qk6hhbiz7sc4c34qbyp-jq-1.8.2-man",
              "default": true
            },
            {
              "name": "dev",
              "path": "/nix/store/n9k1113nhr98lj127dybfjc47ywvwkzq-jq-1.8.2-dev"
            },
            {
              "name": "doc",
              "path": "/nix/store/c2mfv51inycd1m1h23wrq0xrmqma1n01-jq-1.8.2-doc"
            },
            {
              "name": "out",
              "path": "/nix/store/kn0zwf9xffzj4j9rf2iw8zqqgp5r81pa-jq-1.8.2"
            }
          ],
          "store_path": "/nix/store/0rh3h4zp6zfpyrprc5nhv8fr6fimif20-jq-1.8.2-bin"
        },
        "aarch64-linux": {
          "outputs": [
            {
              "name": "bin",
              "path": "/nix/store/idak61zxiv384i26xpk1rgq17bwfpk74-jq-1.8.2-bin",
              "default": true
            },
            {
              "name": "man",
              "path": "/nix/store/xha52gqb3ghchsgzff2ivn4vzndf1ap9-jq-1.8.2-man",
              "default": true
            },
            {
              "name": "doc",
              "path": "/nix/store/i31dp26h347cnzh3bj6spay6kydgg0vp-jq-1.8.2-doc"
            },
            {
              "name": "out",
              "path": "/nix/store/p6gmwpax6i1pbvcpqxg51swl5zn6lrrw-jq-1.8.2"
            },
            {
              "name": "dev",
              "path": "/nix/store/r9zn83ni06rdzkns9rya2ajvasvjwg14-jq-1.8.2-dev"
            }
          ],
          "store_path": "/nix/store/idak61zxiv384i26xpk1rgq17bwfpk74-jq-1.8.2-bin"
        },
        "x86_64-linux": {
          "outputs": [
            {
              "name": "bin",
              "path": "/nix/store/25pcd19xk5ff8ybjslsips4g7yv06fxl-jq-1.8.2-bin",
              "default": true
            },
            {
              "name": "man",
              "path": "/nix/store/azzak4596lzn8kc48pij8kdjn0b2pwnx-jq-1.8.2-man",
              "default": true
            },
            {
              "name": "doc",
              "path": "/nix/store/78aafabrskd5il1l06lhbqi7jzd8pknh-jq-1.8.2-doc"
            },
            {
              "name": "out",
              "path": "/nix/store/rj3zms0wpcp1q5vcbin93w3jyg2rdj84-jq-1.8.2"
            },
            {
              "name": "dev",
              "path": "/nix/store/l9wkilihbd6xg5f7dmwzyxjlmaly45ib-jq-1.8.2-dev"
            }
          ],
          "store_path": "/nix/store/25pcd19xk5ff8ybjslsips4g7yv06fxl-jq-1.8.2-bin"
        }
      }
    },
    "ripgrep@15.2.0": {
      "last_modified": "2026-08-12T11:28:58Z",
      "resolved": "github:NixOS/nixpkgs/044bfe75bfe4c7bbe043dc17b5e42ea823b84a09#ripgrep",
      "source": "devbox-search",
      "version": "15.2.0",
      "systems": {
        "aarch64-darwin": {
          "outputs": [
            {
              "name": "out",
              "path": "/nix/store/jrsf836daqkjqzh5g60znwfnrm06sq9d-ripgrep-15.2.0",
              "default": true
            }
          ],
          "store_path": "/nix/store/jrsf836daqkjqzh5g60znwfnrm06sq9d-ripgrep-15.2.0"
        },
        "aarch64-linux": {
          "outputs": [
            {
              "name": "out",
              "path": "/nix/store/dp77w3j5l0pkb1b0s6ag75xz8agqlih8-ripgrep-15.2.0",
              "default": true
            }
          ],
          "store_path": "/nix/store/dp77w3j5l0pkb1b0s6ag75xz8agqlih8-ripgrep-15.2.0"
        },
        "x86_64-linux": {
          "outputs": [
            {
              "name": "out",
              "path": "/nix/store/axp6zlky4x2v3jwcbq24a2cz25hzlw9b-ripgrep-15.2.0",
              "default": true
            }
          ],
          "store_path": "/nix/store/axp6zlky4x2v3jwcbq24a2cz25hzlw9b-ripgrep-15.2.0"
        }
      }
    },
    "shellcheck@0.11.0": {
      "last_modified": "2026-08-12T11:28:58Z",
      "resolved": "github:NixOS/nixpkgs/044bfe75bfe4c7bbe043dc17b5e42ea823b84a09#shellcheck",
      "source": "devbox-search",
      "version": "0.11.0",
      "systems": {
        "aarch64-darwin": {
          "outputs": [
            {
              "name": "bin",
              "path": "/nix/store/gi827lccv5k11jinbnkcd02v5hbpsq7a-shellcheck-0.11.0-bin",
              "default": true
            },
            {
              "name": "man",
              "path": "/nix/store/gzgsa9pqgq0gj1sg80gx1yq22hy15lxg-shellcheck-0.11.0-man",
              "default": true
            },
            {
              "name": "doc",
              "path": "/nix/store/c8ssyf0il21j4lxf87084z29ak94xzj3-shellcheck-0.11.0-doc",
              "default": true
            },
            {
              "name": "out",
              "path": "/nix/store/37akanimvwnl1nf8jq5rxc2282zy20fy-shellcheck-0.11.0"
            }
          ],
          "store_path": "/nix/store/gi827lccv5k11jinbnkcd02v5hbpsq7a-shellcheck-0.11.0-bin"
        },
        "aarch64-linux": {
          "outputs": [
            {
              "name": "bin",
              "path": "/nix/store/ni99f5g4r74wx0ggjxfagkngk3yr88vm-shellcheck-0.11.0-bin",
              "default": true
            },
            {
              "name": "man",
              "path": "/nix/store/2gr73dqyg75n9l3d817647mxvzh26wb0-shellcheck-0.11.0-man",
              "default": true
            },
            {
              "name": "doc",
              "path": "/nix/store/g8hrxkkmxw516rb85ng17wkvm28p89pr-shellcheck-0.11.0-doc",
              "default": true
            },
            {
              "name": "out",
              "path": "/nix/store/x71fxri315zv93wrpnny81fxdqfrjngl-shellcheck-0.11.0"
            }
          ],
          "store_path": "/nix/store/ni99f5g4r74wx0ggjxfagkngk3yr88vm-shellcheck-0.11.0-bin"
        },
        "x86_64-darwin": {
          "outputs": [
            {
              "name": "bin",
              "path": "/nix/store/68yldspq5p1gxa79ghprb1njskk36ax2-shellcheck-0.11.0-bin",
              "default": true
            },
            {
              "name": "man",
              "path": "/nix/store/90d8x14kmdq8fa12d5azjwdnp4z55q8b-shellcheck-0.11.0-man",
              "default": true
            },
            {
              "name": "doc",
              "path": "/nix/store/4sk9v7wwdh2sia6wi3rknvvvm52wqg6r-shellcheck-0.11.0-doc",
              "default": true
            },
            {
              "name": "out",
              "path": "/nix/store/crl9a7fkfbpjbzgwj5nwpj57bmj7z940-shellcheck-0.11.0"
            }
          ],
          "store_path": "/nix/store/68yldspq5p1gxa79ghprb1njskk36ax2-shellcheck-0.11.0-bin"
        },
        "x86_64-linux": {
          "outputs": [
            {
              "name": "bin",
              "path": "/nix/store/arx11b315ynql817kgf0548307zm8w4r-shellcheck-0.11.0-bin",
              "default": true
            },
            {
              "name": "man",
              "path": "/nix/store/in81hnf2nqr1rjj30g4gs06qd6wj6kpc-shellcheck-0.11.0-man",
              "default": true
            },
            {
              "name": "doc",
              "path": "/nix/store/r0lr0clv3lbqbqy5pzh4ypr90jl87dll-shellcheck-0.11.0-doc",
              "default": true
            },
            {
              "name": "out",
              "path": "/nix/store/jfmvz8r53vma10savggy378w54fxr6n3-shellcheck-0.11.0"
            }
          ],
          "store_path": "/nix/store/arx11b315ynql817kgf0548307zm8w4r-shellcheck-0.11.0-bin"
        }
      }
    },
    "util-linux@2.42.2": {
      "last_modified": "2026-08-17T10:51:46Z",
      "resolved": "github:NixOS/nixpkgs/f4b6996c4e8b9ee06ce147ec344c885f51071b14#util-linux",
      "source": "devbox-search",
      "version": "2.42.2",
      "systems": {
        "aarch64-darwin": {
          "outputs": [
            {
              "name": "bin",
              "path": "/nix/store/n9vq6bs849g07gmg73ri8yq9yr3db4w5-util-linux-2.42.2-bin",
              "default": true
            },
            {
              "name": "man",
              "path": "/nix/store/rfx8w2c58vhxni6rh85rqy8h1fliv6qd-util-linux-2.42.2-man",
              "default": true
            },
            {
              "name": "out",
              "path": "/nix/store/sl9kbhgv8cjzqch5kz0ywm0jlhgsjri0-util-linux-2.42.2"
            },
            {
              "name": "dev",
              "path": "/nix/store/lyi6iy4jkjaj7xkyjnbyn2sy4c6wwzb4-util-linux-2.42.2-dev"
            },
            {
              "name": "lib",
              "path": "/nix/store/m61w7p1v1n3bjyi12mfcn9b3rphwkprf-util-linux-2.42.2-lib"
            },
            {
              "name": "login",
              "path": "/nix/store/f3zmdlyvpyk0a0nq9wlg64nxnzbppv02-util-linux-2.42.2-login"
            }
          ],
          "store_path": "/nix/store/n9vq6bs849g07gmg73ri8yq9yr3db4w5-util-linux-2.42.2-bin"
        },
        "aarch64-linux": {
          "outputs": [
            {
              "name": "bin",
              "path": "/nix/store/3q5vg455bzdlv2ypb94pbr61pj75n8ac-util-linux-2.42.2-bin",
              "default": true
            },
            {
              "name": "man",
              "path": "/nix/store/aim1i8r3ws7hn4wm1r6dn8388dmr95ng-util-linux-2.42.2-man",
              "default": true
            },
            {
              "name": "login",
              "path": "/nix/store/n3kby8m8r2z53zdy6qyrd9s918jq3vnz-util-linux-2.42.2-login"
            },
            {
              "name": "mount",
              "path": "/nix/store/jixmp2vfy9q5afm79f5gsbhq9q8ffqnq-util-linux-2.42.2-mount"
            },
            {
              "name": "swap",
              "path": "/nix/store/5w2map0rp9ja7h54mhjvws1x6vm34hnf-util-linux-2.42.2-swap"
            },
            {
              "name": "debug",
              "path": "/nix/store/xmwv2rs0bv8m4jhjysrskkjvlj3sxyvj-util-linux-2.42.2-debug"
            },
            {
              "name": "lastlog",
              "path": "/nix/store/x8afiwahnpki90isjk01b3j033q0pn5l-util-linux-2.42.2-lastlog"
            },
            {
              "name": "lib",
              "path": "/nix/store/y4xap6rycqh553fz1ms0xfmw18bdlwcf-util-linux-2.42.2-lib"
            },
            {
              "name": "out",
              "path": "/nix/store/mmdfr8ximjhm4q6fyvm2jvkdhv50wkqp-util-linux-2.42.2"
            },
            {
              "name": "dev",
              "path": "/nix/store/g65ak4ppf0rxjk771lj51wl94crlm9z3-util-linux-2.42.2-dev"
            }
          ],
          "store_path": "/nix/store/3q5vg455bzdlv2ypb94pbr61pj75n8ac-util-linux-2.42.2-bin"
        },
        "x86_64-linux": {
          "outputs": [
            {
              "name": "bin",
              "path": "/nix/store/156fzvaz2nsq2hk0fkzn9jwk90bnzyn9-util-linux-2.42.2-bin",
              "default": true
            },
            {
              "name": "man",
              "path": "/nix/store/vqg2h6i3fhh6dmswdrfkm2gy0hxy2r4c-util-linux-2.42.2-man",
              "default": true
            },
            {
              "name": "debug",
              "path": "/nix/store/s9vnjqm9db9sx74mydwlfs1xxxhrfn5a-util-linux-2.42.2-debug"
            },
            {
              "name": "lib",
              "path": "/nix/store/4rrm5m2k220dg9nmdd4sr9ih3w5l08rn-util-linux-2.42.2-lib"
            },
            {
              "name": "login",
              "path": "/nix/store/r6hn70b3y8h01627zi9pgm5k5nd1fdqq-util-linux-2.42.2-login"
            },
            {
              "name": "mount",
              "path": "/nix/store/6971dbbwyxsyskh7h5kg3rjrl3d8m0wy-util-linux-2.42.2-mount"
            },
            {
              "name": "out",
              "path": "/nix/store/c8fl4iwx4n72qjy0hk3c4p5zclhsj5b1-util-linux-2.42.2"
            },
            {
              "name": "dev",
              "path": "/nix/store/p5rncc4zsybjvaij61x5a2zl6a42yxh8-util-linux-2.42.2-dev"
            },
            {
              "name": "lastlog",
              "path": "/nix/store/yhpbc6fj9vxim7xd3yncyqi8qdqch16m-util-linux-2.42.2-lastlog"
            },
            {
              "name": "swap",
              "path": "/nix/store/ij1ffc9f2lwn7wvlrj53c5mlssdi09w7-util-linux-2.42.2-swap"
            }
          ],
          "store_path": "/nix/store/156fzvaz2nsq2hk0fkzn9jwk90bnzyn9-util-linux-2.42.2-bin"
        }
      }
    },
    "yq-go@4.53.3": {
      "last_modified": "2026-08-12T11:28:58Z",
      "resolved": "github:NixOS/nixpkgs/044bfe75bfe4c7bbe043dc17b5e42ea823b84a09#yq-go",
      "source": "devbox-search",
      "version": "4.53.3",
      "systems": {
        "aarch64-darwin": {
          "outputs": [
            {
              "name": "out",
              "path": "/nix/store/36qwbqaqq83bna6dxl8gq00893yf2pzw-yq-go-4.53.3",
              "default": true
            }
          ],
          "store_path": "/nix/store/36qwbqaqq83bna6dxl8gq00893yf2pzw-yq-go-4.53.3"
        },
        "aarch64-linux": {
          "outputs": [
            {
              "name": "out",
              "path": "/nix/store/dq63h1d8cnz0536jyp2v12d2a3ksrycz-yq-go-4.53.3",
              "default": true
            }
          ],
          "store_path": "/nix/store/dq63h1d8cnz0536jyp2v12d2a3ksrycz-yq-go-4.53.3"
        },
        "x86_64-darwin": {
          "outputs": [
            {
              "name": "out",
              "path": "/nix/store/agf9fyr053m3092vsmh6vih3apz0kw05-yq-go-4.53.3",
              "default": true
            }
          ],
          "store_path": "/nix/store/agf9fyr053m3092vsmh6vih3apz0kw05-yq-go-4.53.3"
        },
        "x86_64-linux": {
          "outputs": [
            {
              "name": "out",
              "path": "/nix/store/dmcm5z66qrywifn6aymsdhfx6rdiazpy-yq-go-4.53.3",
              "default": true
            }
          ],
          "store_path": "/nix/store/dmcm5z66qrywifn6aymsdhfx6rdiazpy-yq-go-4.53.3"
        }
      }
    }
  }
}
